<?xml version="1.0" encoding="utf-8"?>
<Project ToolsVersion="4.0" xmlns="http://schemas.microsoft.com/developer/msbuild/2003">
  <ItemGroup>
    <Filter Include="소스 파일">
      <UniqueIdentifier>{4FC737F1-C7A5-4376-A066-2A32D752A2FF}</UniqueIdentifier>
      <Extensions>cpp;c;cc;cxx;c++;cppm;ixx;def;odl;idl;hpj;bat;asm;asmx</Extensions>
    </Filter>
    <Filter Include="헤더 파일">
      <UniqueIdentifier>{93995380-89BD-4b04-88EB-625FBE52EBFB}</UniqueIdentifier>
      <Extensions>h;hh;hpp;hxx;h++;hm;inl;inc;ipp;xsd</Extensions>
    </Filter>
    <Filter Include="Manager">
      <UniqueIdentifier>{22a0aa87-62ff-4874-bf5b-d34ab7b53f11}</UniqueIdentifier>
    </Filter>
    <Filter Include="MainGame">
      <UniqueIdentifier>{1dd8b2aa-ed67-4feb-a53a-47a8281d19df}</UniqueIdentifier>
    </Filter>
    <Filter Include="MainGame\Enemy">
      <UniqueIdentifier>{71eef640-78b2-46bf-9bfe-79f058484855}</UniqueIdentifier>
    </Filter>
    <Filter Include="MainGame\Missile">
      <UniqueIdentifier>{03fef4fd-61c3-4cfa-ae76-41556ed84b31}</UniqueIdentifier>
    </Filter>
    <Filter Include="MainGame\Missile\MissileManager">
      <UniqueIdentifier>{9b0e21fe-e7c4-45f8-bc4e-ae05b36cc6c5}</UniqueIdentifier>
    </Filter>
    <Filter Include="MainGame\Item">
      <UniqueIdentifier>{dcff6e2d-75bf-48fd-b3f8-45cd137e47f6}</UniqueIdentifier>
    </Filter>
  </ItemGroup>
  <ItemGroup>
    <ClInclude Include="CommonFunction.h">
      <Filter>헤더 파일</Filter>
    </ClInclude>
    <ClInclude Include="config.h">
      <Filter>헤더 파일</Filter>
    </ClInclude>
    <ClInclude Include="CollisionManager.h">
      <Filter>Manager</Filter>
    </ClInclude>
    <ClInclude Include="Image.h">
      <Filter>Manager</Filter>
    </ClInclude>
    <ClInclude Include="ImageManager.h">
      <Filter>Manager</Filter>
    </ClInclude>
    <ClInclude Include="KeyManager.h">
      <Filter>Manager</Filter>
    </ClInclude>
    <ClInclude Include="Singleton.h">
      <Filter>Manager</Filter>
    </ClInclude>
    <ClInclude Include="TimeManager.h">
      <Filter>Manager</Filter>
    </ClInclude>
    <ClInclude Include="Timer.h">
      <Filter>Manager</Filter>
    </ClInclude>
    <ClInclude Include="Enemy.h">
      <Filter>MainGame\Enemy</Filter>
    </ClInclude>
    <ClInclude Include="EnemyManager.h">
      <Filter>MainGame\Enemy</Filter>
    </ClInclude>
    <ClInclude Include="NormalMissile.h">
      <Filter>MainGame\Missile</Filter>
    </ClInclude>
    <ClInclude Include="MissileFactory.h">
      <Filter>MainGame\Missile</Filter>
    </ClInclude>
    <ClInclude Include="MissileController.h">
      <Filter>MainGame\Missile</Filter>
    </ClInclude>
    <ClInclude Include="Missile.h">
      <Filter>MainGame\Missile</Filter>
    </ClInclude>
    <ClInclude Include="LaserMissile.h">
      <Filter>MainGame\Missile</Filter>
    </ClInclude>
    <ClInclude Include="MainGame.h">
      <Filter>MainGame</Filter>
    </ClInclude>
    <ClInclude Include="Player.h">
      <Filter>MainGame</Filter>
    </ClInclude>
    <ClInclude Include="Collider.h">
      <Filter>MainGame</Filter>
    </ClInclude>
    <ClInclude Include="GameObject.h">
      <Filter>MainGame</Filter>
    </ClInclude>
    <ClInclude Include="HomingMissile.h">
      <Filter>MainGame\Missile</Filter>
    </ClInclude>
    <ClInclude Include="BackGround.h">
      <Filter>MainGame</Filter>
    </ClInclude>
    <ClInclude Include="MissileManager.h">
      <Filter>MainGame\Missile\MissileManager</Filter>
    </ClInclude>
    <ClInclude Include="StraightMissileManager.h">
      <Filter>MainGame\Missile\MissileManager</Filter>
    </ClInclude>
    <ClInclude Include="NormalMissileManager.h">
      <Filter>MainGame\Missile\MissileManager</Filter>
    </ClInclude>
    <ClInclude Include="HomingMissileManager.h">
      <Filter>MainGame\Missile\MissileManager</Filter>
    </ClInclude>
    <ClInclude Include="StraightMissile.h">
      <Filter>MainGame\Missile</Filter>
    </ClInclude>
    <ClInclude Include="LaserMissileManager.h">
      <Filter>MainGame\Missile\MissileManager</Filter>
    </ClInclude>
    <ClInclude Include="DiagonalEnemy.h">
      <Filter>MainGame\Enemy</Filter>
    </ClInclude>
    <ClInclude Include="StraightItem.h">
      <Filter>MainGame\Item</Filter>
    </ClInclude>
    <ClInclude Include="NormalItem.h">
      <Filter>MainGame\Item</Filter>
    </ClInclude>
    <ClInclude Include="LaserItem.h">
      <Filter>MainGame\Item</Filter>
    </ClInclude>
    <ClInclude Include="ItemManager.h">
      <Filter>MainGame\Item</Filter>
    </ClInclude>
    <ClInclude Include="Item.h">
      <Filter>MainGame\Item</Filter>
    </ClInclude>
    <ClInclude Include="HomingItem.h">
      <Filter>MainGame\Item</Filter>
    </ClInclude>
    <ClInclude Include="Effect.h">
      <Filter>헤더 파일</Filter>
    </ClInclude>
    <ClInclude Include="EffectManager.h">
      <Filter>헤더 파일</Filter>
    </ClInclude>
  </ItemGroup>
  <ItemGroup>
    <ClCompile Include="CollisionManager.cpp">
      <Filter>Manager</Filter>
    </ClCompile>
    <ClCompile Include="Image.cpp">
      <Filter>Manager</Filter>
    </ClCompile>
    <ClCompile Include="ImageManager.cpp">
      <Filter>Manager</Filter>
    </ClCompile>
    <ClCompile Include="KeyManager.cpp">
      <Filter>Manager</Filter>
    </ClCompile>
    <ClCompile Include="TimeManager.cpp">
      <Filter>Manager</Filter>
    </ClCompile>
    <ClCompile Include="Timer.cpp">
      <Filter>Manager</Filter>
    </ClCompile>
    <ClCompile Include="GameObject.cpp">
      <Filter>MainGame</Filter>
    </ClCompile>
    <ClCompile Include="Enemy.cpp">
      <Filter>MainGame\Enemy</Filter>
    </ClCompile>
    <ClCompile Include="LaserMissile.cpp">
      <Filter>MainGame\Missile</Filter>
    </ClCompile>
    <ClCompile Include="MainGame.cpp">
      <Filter>MainGame</Filter>
    </ClCompile>
    <ClCompile Include="1945_Team9.cpp">
      <Filter>소스 파일</Filter>
    </ClCompile>
    <ClCompile Include="Missile.cpp">
      <Filter>MainGame\Missile</Filter>
    </ClCompile>
    <ClCompile Include="MissileController.cpp">
      <Filter>MainGame\Missile</Filter>
    </ClCompile>
    <ClCompile Include="MissileFactory.cpp">
      <Filter>MainGame\Missile</Filter>
    </ClCompile>
    <ClCompile Include="NormalMissile.cpp">
      <Filter>MainGame\Missile</Filter>
    </ClCompile>
    <ClCompile Include="Player.cpp">
      <Filter>MainGame</Filter>
    </ClCompile>
    <ClCompile Include="EnemyManager.cpp">
      <Filter>MainGame\Enemy</Filter>
    </ClCompile>
    <ClCompile Include="Collider.cpp">
      <Filter>MainGame</Filter>
    </ClCompile>
    <ClCompile Include="HomingMissile.cpp">
      <Filter>MainGame\Missile</Filter>
    </ClCompile>
    <ClCompile Include="BackGround.cpp">
      <Filter>MainGame</Filter>
    </ClCompile>
    <ClCompile Include="MissileManager.cpp">
      <Filter>MainGame\Missile\MissileManager</Filter>
    </ClCompile>
    <ClCompile Include="HomingMissileManager.cpp">
      <Filter>MainGame\Missile\MissileManager</Filter>
    </ClCompile>
    <ClCompile Include="StraightMissileManager.cpp">
      <Filter>MainGame\Missile\MissileManager</Filter>
    </ClCompile>
    <ClCompile Include="NormalMissileManager.cpp">
      <Filter>MainGame\Missile\MissileManager</Filter>
    </ClCompile>
    <ClCompile Include="StraightMissile.cpp">
      <Filter>MainGame\Missile</Filter>
    </ClCompile>
    <ClCompile Include="LaserMissileManager.cpp">
      <Filter>MainGame\Missile\MissileManager</Filter>
    </ClCompile>
    <ClCompile Include="DiagonalEnemy.cpp">
      <Filter>MainGame\Enemy</Filter>
    </ClCompile>
    <ClCompile Include="StraightItem.cpp">
      <Filter>MainGame\Item</Filter>
    </ClCompile>
    <ClCompile Include="NormalItem.cpp">
      <Filter>MainGame\Item</Filter>
    </ClCompile>
    <ClCompile Include="LaserItem.cpp">
      <Filter>MainGame\Item</Filter>
    </ClCompile>
    <ClCompile Include="ItemManager.cpp">
      <Filter>MainGame\Item</Filter>
    </ClCompile>
    <ClCompile Include="Item.cpp">
      <Filter>MainGame\Item</Filter>
    </ClCompile>
    <ClCompile Include="HomingItem.cpp">
      <Filter>MainGame\Item</Filter>
    </ClCompile>
    <ClCompile Include="Effect.cpp">
      <Filter>소스 파일</Filter>
    </ClCompile>
    <ClCompile Include="EffectManager.cpp">
      <Filter>소스 파일</Filter>
    </ClCompile>
  </ItemGroup>
  <ItemGroup>
    <None Include="ClassDiagram.cd" />
  </ItemGroup>
</Project>